
Microsoft Visual Studio Solution File, Format Version 12.00
# Visual Studio Version 17
VisualStudioVersion = 17.0.32014.148
MinimumVisualStudioVersion = 10.0.40219.1
Project("{9A19103F-16F7-4668-BE54-9A1E7A4F7556}") = "Bindables.Wpf.Test", "Bindables.Wpf.Test\Bindables.Wpf.Test.csproj", "{52BD4EA5-C19A-47AB-9AE9-89B0613E4B82}"
EndProject
Project("{2150E333-8FDC-42A3-9474-1A3956D46DE8}") = "Solution Items", "Solution Items", "{F57E0626-9F84-4E4A-96B0-B2F960036995}"
	ProjectSection(SolutionItems) = preProject
		.editorconfig = .editorconfig
		appveyor.yml = appveyor.yml
		Directory.Build.props = Directory.Build.props
		Icon.png = Icon.png
		README.md = README.md
	EndProjectSection
EndProject
Project("{9A19103F-16F7-4668-BE54-9A1E7A4F7556}") = "Bindables.Wpf", "Bindables.Wpf\Bindables.Wpf.csproj", "{56F62ADB-2BB6-4A44-B43C-5F581D4D16B1}"
EndProject
Project("{D954291E-2A0B-460D-934E-DC6B0785DB48}") = "Bindables.Shared", "Bindables.Shared\Bindables.Shared.shproj", "{C3BC15DC-43F5-4D61-8BB6-E7FDDE46C9AF}"
EndProject
Project("{D954291E-2A0B-460D-934E-DC6B0785DB48}") = "Bindables.Shared.Test", "Bindables.Shared.Test\Bindables.Shared.Test.shproj", "{39C3E39C-C46D-41E0-A9D4-533D418CB244}"
EndProject
Project("{FAE04EC0-301F-11D3-BF4B-00C04F79EFBC}") = "Bindables.Forms", "Bindables.Forms\Bindables.Forms.csproj", "{1D1DE6C1-5C42-452B-8F95-D1DFC247B71B}"
EndProject
Project("{FAE04EC0-301F-11D3-BF4B-00C04F79EFBC}") = "Bindables.Forms.Test", "Bindables.Forms.Test\Bindables.Forms.Test.csproj", "{B2F88A8B-EAC1-4272-A058-A77EDB7ADA3C}"
EndProject
Global
	GlobalSection(SolutionConfigurationPlatforms) = preSolution
		Debug|Any CPU = Debug|Any CPU
		Release|Any CPU = Release|Any CPU
	EndGlobalSection
	GlobalSection(ProjectConfigurationPlatforms) = postSolution
		{52BD4EA5-C19A-47AB-9AE9-89B0613E4B82}.Debug|Any CPU.ActiveCfg = Debug|Any CPU
		{52BD4EA5-C19A-47AB-9AE9-89B0613E4B82}.Debug|Any CPU.Build.0 = Debug|Any CPU
		{52BD4EA5-C19A-47AB-9AE9-89B0613E4B82}.Release|Any CPU.ActiveCfg = Release|Any CPU
		{52BD4EA5-C19A-47AB-9AE9-89B0613E4B82}.Release|Any CPU.Build.0 = Release|Any CPU
		{56F62ADB-2BB6-4A44-B43C-5F581D4D16B1}.Debug|Any CPU.ActiveCfg = Debug|Any CPU
		{56F62ADB-2BB6-4A44-B43C-5F581D4D16B1}.Debug|Any CPU.Build.0 = Debug|Any CPU
		{56F62ADB-2BB6-4A44-B43C-5F581D4D16B1}.Release|Any CPU.ActiveCfg = Release|Any CPU
		{56F62ADB-2BB6-4A44-B43C-5F581D4D16B1}.Release|Any CPU.Build.0 = Release|Any CPU
		{1D1DE6C1-5C42-452B-8F95-D1DFC247B71B}.Debug|Any CPU.ActiveCfg = Debug|Any CPU
		{1D1DE6C1-5C42-452B-8F95-D1DFC247B71B}.Debug|Any CPU.Build.0 = Debug|Any CPU
		{1D1DE6C1-5C42-452B-8F95-D1DFC247B71B}.Release|Any CPU.ActiveCfg = Release|Any CPU
		{1D1DE6C1-5C42-452B-8F95-D1DFC247B71B}.Release|Any CPU.Build.0 = Release|Any CPU
		{B2F88A8B-EAC1-4272-A058-A77EDB7ADA3C}.Debug|Any CPU.ActiveCfg = Debug|Any CPU
		{B2F88A8B-EAC1-4272-A058-A77EDB7ADA3C}.Debug|Any CPU.Build.0 = Debug|Any CPU
		{B2F88A8B-EAC1-4272-A058-A77EDB7ADA3C}.Release|Any CPU.ActiveCfg = Release|Any CPU
		{B2F88A8B-EAC1-4272-A058-A77EDB7ADA3C}.Release|Any CPU.Build.0 = Release|Any CPU
	EndGlobalSection
	GlobalSection(SolutionProperties) = preSolution
		HideSolutionNode = FALSE
	EndGlobalSection
	GlobalSection(ExtensibilityGlobals) = postSolution
		SolutionGuid = {29380B5B-7A89-42DC-8A3F-6575A13D7084}
	EndGlobalSection
	GlobalSection(SharedMSBuildProjectFiles) = preSolution
		Bindables.Shared\Bindables.Shared.projitems*{1d1de6c1-5c42-452b-8f95-d1dfc247b71b}*SharedItemsImports = 5
		Bindables.Shared.Test\Bindables.Shared.Test.projitems*{39c3e39c-c46d-41e0-a9d4-533d418cb244}*SharedItemsImports = 13
		Bindables.Shared.Test\Bindables.Shared.Test.projitems*{52bd4ea5-c19a-47ab-9ae9-89b0613e4b82}*SharedItemsImports = 5
		Bindables.Shared\Bindables.Shared.projitems*{56f62adb-2bb6-4a44-b43c-5f581d4d16b1}*SharedItemsImports = 5
		Bindables.Shared.Test\Bindables.Shared.Test.projitems*{b2f88a8b-eac1-4272-a058-a77edb7ada3c}*SharedItemsImports = 5
		Bindables.Shared\Bindables.Shared.projitems*{c3bc15dc-43f5-4d61-8bb6-e7fdde46c9af}*SharedItemsImports = 13
	EndGlobalSection
EndGlobal
