
Microsoft Visual Studio Solution File, Format Version 12.00
# Visual Studio 14
VisualStudioVersion = 14.0.25420.1
MinimumVisualStudioVersion = 10.0.40219.1
Project("{FAE04EC0-301F-11D3-BF4B-00C04F79EFBC}") = "Depattach", "Depattach\Depattach.csproj", "{DE9E483A-ED6F-4EC1-A218-A1E104CC305B}"
EndProject
Project("{FAE04EC0-301F-11D3-BF4B-00C04F79EFBC}") = "Depattach.Fody", "Depattach.Fody\Depattach.Fody.csproj", "{FB2D2DF2-8542-4D1E-ABE2-DA7F1505C4E1}"
EndProject
Project("{2150E333-8FDC-42A3-9474-1A3956D46DE8}") = "TestAssemblies", "TestAssemblies", "{6D0FBE51-0C5F-45E5-BAE0-FA26F3550425}"
EndProject
Project("{FAE04EC0-301F-11D3-BF4B-00C04F79EFBC}") = "Depattach.Test", "Depattach.Test\Depattach.Test.csproj", "{52BD4EA5-C19A-47AB-9AE9-89B0613E4B82}"
EndProject
Project("{FAE04EC0-301F-11D3-BF4B-00C04F79EFBC}") = "AssemblyDependencyProperty", "AssemblyDependencyProperty\AssemblyDependencyProperty.csproj", "{F6FEF774-4FB4-45DB-9D63-12A325907C7A}"
EndProject
Project("{FAE04EC0-301F-11D3-BF4B-00C04F79EFBC}") = "AssemblyDependencyProperty.NonAutoProperty", "AssemblyDependencyProperty.NonAutoProperty\AssemblyDependencyProperty.NonAutoProperty.csproj", "{90A14E57-2C6A-429F-BB44-066AF047E7F2}"
EndProject
Project("{FAE04EC0-301F-11D3-BF4B-00C04F79EFBC}") = "AssemblyDependencyProperty.ReadOnly", "AssemblyDependencyProperty.ReadOnly\AssemblyDependencyProperty.ReadOnly.csproj", "{E51CA02B-2D21-4B4C-BA6A-38BA4B27BC94}"
EndProject
Project("{FAE04EC0-301F-11D3-BF4B-00C04F79EFBC}") = "AssemblyDependencyProperty.DefaultValue", "AssemblyDependencyProperty.DefaultValue\AssemblyDependencyProperty.DefaultValue.csproj", "{87E9E0FD-EEC4-42D9-994B-F4EA293A9E84}"
EndProject
Global
	GlobalSection(SolutionConfigurationPlatforms) = preSolution
		Debug|Any CPU = Debug|Any CPU
		Release|Any CPU = Release|Any CPU
	EndGlobalSection
	GlobalSection(ProjectConfigurationPlatforms) = postSolution
		{DE9E483A-ED6F-4EC1-A218-A1E104CC305B}.Debug|Any CPU.ActiveCfg = Debug|Any CPU
		{DE9E483A-ED6F-4EC1-A218-A1E104CC305B}.Debug|Any CPU.Build.0 = Debug|Any CPU
		{DE9E483A-ED6F-4EC1-A218-A1E104CC305B}.Release|Any CPU.ActiveCfg = Release|Any CPU
		{DE9E483A-ED6F-4EC1-A218-A1E104CC305B}.Release|Any CPU.Build.0 = Release|Any CPU
		{FB2D2DF2-8542-4D1E-ABE2-DA7F1505C4E1}.Debug|Any CPU.ActiveCfg = Debug|Any CPU
		{FB2D2DF2-8542-4D1E-ABE2-DA7F1505C4E1}.Debug|Any CPU.Build.0 = Debug|Any CPU
		{FB2D2DF2-8542-4D1E-ABE2-DA7F1505C4E1}.Release|Any CPU.ActiveCfg = Release|Any CPU
		{FB2D2DF2-8542-4D1E-ABE2-DA7F1505C4E1}.Release|Any CPU.Build.0 = Release|Any CPU
		{52BD4EA5-C19A-47AB-9AE9-89B0613E4B82}.Debug|Any CPU.ActiveCfg = Debug|Any CPU
		{52BD4EA5-C19A-47AB-9AE9-89B0613E4B82}.Debug|Any CPU.Build.0 = Debug|Any CPU
		{52BD4EA5-C19A-47AB-9AE9-89B0613E4B82}.Release|Any CPU.ActiveCfg = Release|Any CPU
		{52BD4EA5-C19A-47AB-9AE9-89B0613E4B82}.Release|Any CPU.Build.0 = Release|Any CPU
		{F6FEF774-4FB4-45DB-9D63-12A325907C7A}.Debug|Any CPU.ActiveCfg = Debug|Any CPU
		{F6FEF774-4FB4-45DB-9D63-12A325907C7A}.Debug|Any CPU.Build.0 = Debug|Any CPU
		{F6FEF774-4FB4-45DB-9D63-12A325907C7A}.Release|Any CPU.ActiveCfg = Release|Any CPU
		{F6FEF774-4FB4-45DB-9D63-12A325907C7A}.Release|Any CPU.Build.0 = Release|Any CPU
		{90A14E57-2C6A-429F-BB44-066AF047E7F2}.Debug|Any CPU.ActiveCfg = Debug|Any CPU
		{90A14E57-2C6A-429F-BB44-066AF047E7F2}.Debug|Any CPU.Build.0 = Debug|Any CPU
		{90A14E57-2C6A-429F-BB44-066AF047E7F2}.Release|Any CPU.ActiveCfg = Release|Any CPU
		{90A14E57-2C6A-429F-BB44-066AF047E7F2}.Release|Any CPU.Build.0 = Release|Any CPU
		{E51CA02B-2D21-4B4C-BA6A-38BA4B27BC94}.Debug|Any CPU.ActiveCfg = Debug|Any CPU
		{E51CA02B-2D21-4B4C-BA6A-38BA4B27BC94}.Debug|Any CPU.Build.0 = Debug|Any CPU
		{E51CA02B-2D21-4B4C-BA6A-38BA4B27BC94}.Release|Any CPU.ActiveCfg = Release|Any CPU
		{E51CA02B-2D21-4B4C-BA6A-38BA4B27BC94}.Release|Any CPU.Build.0 = Release|Any CPU
		{87E9E0FD-EEC4-42D9-994B-F4EA293A9E84}.Debug|Any CPU.ActiveCfg = Debug|Any CPU
		{87E9E0FD-EEC4-42D9-994B-F4EA293A9E84}.Debug|Any CPU.Build.0 = Debug|Any CPU
		{87E9E0FD-EEC4-42D9-994B-F4EA293A9E84}.Release|Any CPU.ActiveCfg = Release|Any CPU
		{87E9E0FD-EEC4-42D9-994B-F4EA293A9E84}.Release|Any CPU.Build.0 = Release|Any CPU
	EndGlobalSection
	GlobalSection(SolutionProperties) = preSolution
		HideSolutionNode = FALSE
	EndGlobalSection
	GlobalSection(NestedProjects) = preSolution
		{F6FEF774-4FB4-45DB-9D63-12A325907C7A} = {6D0FBE51-0C5F-45E5-BAE0-FA26F3550425}
		{90A14E57-2C6A-429F-BB44-066AF047E7F2} = {6D0FBE51-0C5F-45E5-BAE0-FA26F3550425}
		{E51CA02B-2D21-4B4C-BA6A-38BA4B27BC94} = {6D0FBE51-0C5F-45E5-BAE0-FA26F3550425}
		{87E9E0FD-EEC4-42D9-994B-F4EA293A9E84} = {6D0FBE51-0C5F-45E5-BAE0-FA26F3550425}
	EndGlobalSection
EndGlobal
